github.com/adibhauzan/go-say-hello v1.1.0 h1:N2wjRN0V1y7r+Uypr/d9GUwOnmjaFqQPlVU0Qa6MN7g=
github.com/adibhauzan/go-say-hello v1.1.0/go.mod h1:iXQASTUztuwIbQXaQb/39eE92Y9RzBLitvFIi4Pn/5Y=
github.com/adibhauzan/go-say-hello v1.1.1 h1:qq1lmESx5IycaM6Xg6epKPh7EcP+4bvRF/ZjuEY9D2g=
github.com/adibhauzan/go-say-hello v1.1.1/go.mod h1:iXQASTUztuwIbQXaQb/39eE92Y9RzBLitvFIi4Pn/5Y=
github.com/adibhauzan/go-say-hello/v2 v2.0.0 h1:bQA6Wv2JtIwZdLRa/sc9xAnDsW1VygXaCIk1Fqco50c=
github.com/adibhauzan/go-say-hello/v2 v2.0.0/go.mod h1:MIVEKPVUlbAWRcMwte9fvgOWV2m3j+ZRiZTmzZRKDxk=
